
Microsoft Visual Studio Solution File, Format Version 12.00
# Visual Studio Version 17
VisualStudioVersion = 17.4.33403.182
MinimumVisualStudioVersion = 10.0.40219.1
Project("{FAE04EC0-301F-11D3-BF4B-00C04F79EFBC}") = "MyFirstOOPCode", "MyFirstOOPCode\MyFirstOOPCode.csproj", "{7D0DF3EA-4F1C-4419-B5F7-93EE73D15A8D}"
EndProject
Global
	GlobalSection(SolutionConfigurationPlatforms) = preSolution
		Debug|Any CPU = Debug|Any CPU
		Release|Any CPU = Release|Any CPU
	EndGlobalSection
	GlobalSection(ProjectConfigurationPlatforms) = postSolution
		{7D0DF3EA-4F1C-4419-B5F7-93EE73D15A8D}.Debug|Any CPU.ActiveCfg = Debug|Any CPU
		{7D0DF3EA-4F1C-4419-B5F7-93EE73D15A8D}.Debug|Any CPU.Build.0 = Debug|Any CPU
		{7D0DF3EA-4F1C-4419-B5F7-93EE73D15A8D}.Release|Any CPU.ActiveCfg = Release|Any CPU
		{7D0DF3EA-4F1C-4419-B5F7-93EE73D15A8D}.Release|Any CPU.Build.0 = Release|Any CPU
	EndGlobalSection
	GlobalSection(SolutionProperties) = preSolution
		HideSolutionNode = FALSE
	EndGlobalSection
	GlobalSection(ExtensibilityGlobals) = postSolution
		SolutionGuid = {7E58E10C-46DF-4888-8866-804B568C7747}
	EndGlobalSection
EndGlobal
